
Microsoft Visual Studio Solution File, Format Version 12.00
# Visual Studio Version 17
VisualStudioVersion = 17.11.35327.3
MinimumVisualStudioVersion = 10.0.40219.1
Project("{FAE04EC0-301F-11D3-BF4B-00C04F79EFBC}") = "2ozISIP1624_Mizin_PTPM_PR5", "DotNetDebugging\2ozISIP1624_Mizin_PTPM_PR5.csproj", "{504F2F72-1507-40B0-9A2A-9F7A272CD56F}"
EndProject
Global
	GlobalSection(SolutionConfigurationPlatforms) = preSolution
		Debug|Any CPU = Debug|Any CPU
		Release|Any CPU = Release|Any CPU
	EndGlobalSection
	GlobalSection(ProjectConfigurationPlatforms) = postSolution
		{504F2F72-1507-40B0-9A2A-9F7A272CD56F}.Debug|Any CPU.ActiveCfg = Debug|Any CPU
		{504F2F72-1507-40B0-9A2A-9F7A272CD56F}.Debug|Any CPU.Build.0 = Debug|Any CPU
		{504F2F72-1507-40B0-9A2A-9F7A272CD56F}.Release|Any CPU.ActiveCfg = Release|Any CPU
		{504F2F72-1507-40B0-9A2A-9F7A272CD56F}.Release|Any CPU.Build.0 = Release|Any CPU
	EndGlobalSection
	GlobalSection(SolutionProperties) = preSolution
		HideSolutionNode = FALSE
	EndGlobalSection
	GlobalSection(ExtensibilityGlobals) = postSolution
		SolutionGuid = {D557B0C8-649F-4281-93C3-0CDEBD0E846E}
	EndGlobalSection
EndGlobal
